
Microsoft Visual Studio Solution File, Format Version 12.00
# Visual Studio Version 16
VisualStudioVersion = 16.0.31402.337
MinimumVisualStudioVersion = 10.0.40219.1
Project("{FAE04EC0-301F-11D3-BF4B-00C04F79EFBC}") = "API_Spotify", "API_Spotify\API_Spotify.csproj", "{004CD34F-BA81-4860-AA53-ECE4B8CF2B30}"
EndProject
Global
	GlobalSection(SolutionConfigurationPlatforms) = preSolution
		Debug|Any CPU = Debug|Any CPU
		Release|Any CPU = Release|Any CPU
	EndGlobalSection
	GlobalSection(ProjectConfigurationPlatforms) = postSolution
		{004CD34F-BA81-4860-AA53-ECE4B8CF2B30}.Debug|Any CPU.ActiveCfg = Debug|Any CPU
		{004CD34F-BA81-4860-AA53-ECE4B8CF2B30}.Debug|Any CPU.Build.0 = Debug|Any CPU
		{004CD34F-BA81-4860-AA53-ECE4B8CF2B30}.Release|Any CPU.ActiveCfg = Release|Any CPU
		{004CD34F-BA81-4860-AA53-ECE4B8CF2B30}.Release|Any CPU.Build.0 = Release|Any CPU
	EndGlobalSection
	GlobalSection(SolutionProperties) = preSolution
		HideSolutionNode = FALSE
	EndGlobalSection
	GlobalSection(ExtensibilityGlobals) = postSolution
		SolutionGuid = {23E8710D-F3C3-48EE-BD83-089B2E70CE0A}
	EndGlobalSection
EndGlobal
